
Microsoft Visual Studio Solution File, Format Version 12.00
# Visual Studio 2013
VisualStudioVersion = 12.0.40629.0
MinimumVisualStudioVersion = 10.0.40219.1
Project("{FAE04EC0-301F-11D3-BF4B-00C04F79EFBC}") = "MvcTask1.Web", "MvcTask1.Web\MvcTask1.Web.csproj", "{405E2F68-D00E-42F1-92E6-80B070CAF0E5}"
EndProject
Global
	GlobalSection(SolutionConfigurationPlatforms) = preSolution
		Debug|Any CPU = Debug|Any CPU
		Release|Any CPU = Release|Any CPU
	EndGlobalSection
	GlobalSection(ProjectConfigurationPlatforms) = postSolution
		{405E2F68-D00E-42F1-92E6-80B070CAF0E5}.Debug|Any CPU.ActiveCfg = Debug|Any CPU
		{405E2F68-D00E-42F1-92E6-80B070CAF0E5}.Debug|Any CPU.Build.0 = Debug|Any CPU
		{405E2F68-D00E-42F1-92E6-80B070CAF0E5}.Release|Any CPU.ActiveCfg = Release|Any CPU
		{405E2F68-D00E-42F1-92E6-80B070CAF0E5}.Release|Any CPU.Build.0 = Release|Any CPU
	EndGlobalSection
	GlobalSection(SolutionProperties) = preSolution
		HideSolutionNode = FALSE
	EndGlobalSection
EndGlobal
